
Microsoft Visual Studio Solution File, Format Version 12.00
# Visual Studio 15
VisualStudioVersion = 15.0.28010.2003
MinimumVisualStudioVersion = 10.0.40219.1
Project("{FAE04EC0-301F-11D3-BF4B-00C04F79EFBC}") = "Heima8.OA.Model", "Heima8.OA.Model\Heima8.OA.Model.csproj", "{137ACC36-6C04-4130-A06C-AA9E89514E53}"
EndProject
Project("{FAE04EC0-301F-11D3-BF4B-00C04F79EFBC}") = "Heima8.OA.EFDAL", "Heima8.OA.EFDAl\Heima8.OA.EFDAL.csproj", "{F5E6980A-7FDD-42DC-9828-B1EAAE08A030}"
EndProject
Project("{FAE04EC0-301F-11D3-BF4B-00C04F79EFBC}") = "Heima8.OA.BLL", "Heima8.OA.BLL\Heima8.OA.BLL.csproj", "{C2357CF9-3E96-4DE2-BA5E-164C340191E4}"
EndProject
Project("{FAE04EC0-301F-11D3-BF4B-00C04F79EFBC}") = "Heima8.OA.Common", "Heima8.OA.Common\Heima8.OA.Common.csproj", "{D1378AE0-EAC0-4893-B1AB-83E70B5818C5}"
EndProject
Project("{FAE04EC0-301F-11D3-BF4B-00C04F79EFBC}") = "Heima8.OA.UI.Portal", "Heima8.OA.UI.Portal\Heima8.OA.UI.Portal.csproj", "{AB1DB0D2-3355-4E62-97DF-D5151574F35B}"
EndProject
Project("{FAE04EC0-301F-11D3-BF4B-00C04F79EFBC}") = "Heima8.OA.UnitTest", "Heima8.OA.UnitTest\Heima8.OA.UnitTest.csproj", "{322FF860-BA7B-47CE-85B5-C4BD0A8F6130}"
EndProject
Project("{FAE04EC0-301F-11D3-BF4B-00C04F79EFBC}") = "Heima8.OA.IDAL", "Heima8.OA.IDAL\Heima8.OA.IDAL.csproj", "{6F868519-353E-4AEE-AF2C-39C170798FEC}"
EndProject
Project("{FAE04EC0-301F-11D3-BF4B-00C04F79EFBC}") = "Heima8.OA.DALFactory", "Heima8.OA.DALFactory\Heima8.OA.DALFactory.csproj", "{1FD0EA28-D368-4F4F-A9DF-BAACFB10EDBB}"
EndProject
Project("{FAE04EC0-301F-11D3-BF4B-00C04F79EFBC}") = "Heima8.OA.NHDAL", "Heima8.OA.NHDAL\Heima8.OA.NHDAL.csproj", "{B459099D-A91C-4576-B0B1-019E81E087FE}"
EndProject
Project("{FAE04EC0-301F-11D3-BF4B-00C04F79EFBC}") = "Heima8.OA.IBLL", "Heima8.OA.IBLL\Heima8.OA.IBLL.csproj", "{7B717F46-7C62-4D04-ADF8-5207C685FEBE}"
EndProject
Global
	GlobalSection(SolutionConfigurationPlatforms) = preSolution
		Debug|Any CPU = Debug|Any CPU
		Release|Any CPU = Release|Any CPU
	EndGlobalSection
	GlobalSection(ProjectConfigurationPlatforms) = postSolution
		{137ACC36-6C04-4130-A06C-AA9E89514E53}.Debug|Any CPU.ActiveCfg = Debug|Any CPU
		{137ACC36-6C04-4130-A06C-AA9E89514E53}.Debug|Any CPU.Build.0 = Debug|Any CPU
		{137ACC36-6C04-4130-A06C-AA9E89514E53}.Release|Any CPU.ActiveCfg = Release|Any CPU
		{137ACC36-6C04-4130-A06C-AA9E89514E53}.Release|Any CPU.Build.0 = Release|Any CPU
		{F5E6980A-7FDD-42DC-9828-B1EAAE08A030}.Debug|Any CPU.ActiveCfg = Debug|Any CPU
		{F5E6980A-7FDD-42DC-9828-B1EAAE08A030}.Debug|Any CPU.Build.0 = Debug|Any CPU
		{F5E6980A-7FDD-42DC-9828-B1EAAE08A030}.Release|Any CPU.ActiveCfg = Release|Any CPU
		{F5E6980A-7FDD-42DC-9828-B1EAAE08A030}.Release|Any CPU.Build.0 = Release|Any CPU
		{C2357CF9-3E96-4DE2-BA5E-164C340191E4}.Debug|Any CPU.ActiveCfg = Debug|Any CPU
		{C2357CF9-3E96-4DE2-BA5E-164C340191E4}.Debug|Any CPU.Build.0 = Debug|Any CPU
		{C2357CF9-3E96-4DE2-BA5E-164C340191E4}.Release|Any CPU.ActiveCfg = Release|Any CPU
		{C2357CF9-3E96-4DE2-BA5E-164C340191E4}.Release|Any CPU.Build.0 = Release|Any CPU
		{D1378AE0-EAC0-4893-B1AB-83E70B5818C5}.Debug|Any CPU.ActiveCfg = Debug|Any CPU
		{D1378AE0-EAC0-4893-B1AB-83E70B5818C5}.Debug|Any CPU.Build.0 = Debug|Any CPU
		{D1378AE0-EAC0-4893-B1AB-83E70B5818C5}.Release|Any CPU.ActiveCfg = Release|Any CPU
		{D1378AE0-EAC0-4893-B1AB-83E70B5818C5}.Release|Any CPU.Build.0 = Release|Any CPU
		{AB1DB0D2-3355-4E62-97DF-D5151574F35B}.Debug|Any CPU.ActiveCfg = Debug|Any CPU
		{AB1DB0D2-3355-4E62-97DF-D5151574F35B}.Debug|Any CPU.Build.0 = Debug|Any CPU
		{AB1DB0D2-3355-4E62-97DF-D5151574F35B}.Release|Any CPU.ActiveCfg = Release|Any CPU
		{AB1DB0D2-3355-4E62-97DF-D5151574F35B}.Release|Any CPU.Build.0 = Release|Any CPU
		{322FF860-BA7B-47CE-85B5-C4BD0A8F6130}.Debug|Any CPU.ActiveCfg = Debug|Any CPU
		{322FF860-BA7B-47CE-85B5-C4BD0A8F6130}.Debug|Any CPU.Build.0 = Debug|Any CPU
		{322FF860-BA7B-47CE-85B5-C4BD0A8F6130}.Release|Any CPU.ActiveCfg = Release|Any CPU
		{322FF860-BA7B-47CE-85B5-C4BD0A8F6130}.Release|Any CPU.Build.0 = Release|Any CPU
		{6F868519-353E-4AEE-AF2C-39C170798FEC}.Debug|Any CPU.ActiveCfg = Debug|Any CPU
		{6F868519-353E-4AEE-AF2C-39C170798FEC}.Debug|Any CPU.Build.0 = Debug|Any CPU
		{6F868519-353E-4AEE-AF2C-39C170798FEC}.Release|Any CPU.ActiveCfg = Release|Any CPU
		{6F868519-353E-4AEE-AF2C-39C170798FEC}.Release|Any CPU.Build.0 = Release|Any CPU
		{1FD0EA28-D368-4F4F-A9DF-BAACFB10EDBB}.Debug|Any CPU.ActiveCfg = Debug|Any CPU
		{1FD0EA28-D368-4F4F-A9DF-BAACFB10EDBB}.Debug|Any CPU.Build.0 = Debug|Any CPU
		{1FD0EA28-D368-4F4F-A9DF-BAACFB10EDBB}.Release|Any CPU.ActiveCfg = Release|Any CPU
		{1FD0EA28-D368-4F4F-A9DF-BAACFB10EDBB}.Release|Any CPU.Build.0 = Release|Any CPU
		{B459099D-A91C-4576-B0B1-019E81E087FE}.Debug|Any CPU.ActiveCfg = Debug|Any CPU
		{B459099D-A91C-4576-B0B1-019E81E087FE}.Debug|Any CPU.Build.0 = Debug|Any CPU
		{B459099D-A91C-4576-B0B1-019E81E087FE}.Release|Any CPU.ActiveCfg = Release|Any CPU
		{B459099D-A91C-4576-B0B1-019E81E087FE}.Release|Any CPU.Build.0 = Release|Any CPU
		{7B717F46-7C62-4D04-ADF8-5207C685FEBE}.Debug|Any CPU.ActiveCfg = Debug|Any CPU
		{7B717F46-7C62-4D04-ADF8-5207C685FEBE}.Debug|Any CPU.Build.0 = Debug|Any CPU
		{7B717F46-7C62-4D04-ADF8-5207C685FEBE}.Release|Any CPU.ActiveCfg = Release|Any CPU
		{7B717F46-7C62-4D04-ADF8-5207C685FEBE}.Release|Any CPU.Build.0 = Release|Any CPU
	EndGlobalSection
	GlobalSection(SolutionProperties) = preSolution
		HideSolutionNode = FALSE
	EndGlobalSection
	GlobalSection(ExtensibilityGlobals) = postSolution
		SolutionGuid = {D240FD1C-19C5-4495-B77D-4AB26B043391}
	EndGlobalSection
EndGlobal
